
Microsoft Visual Studio Solution File, Format Version 12.00
# Visual Studio Version 17
VisualStudioVersion = 17.4.33213.308
MinimumVisualStudioVersion = 10.0.40219.1
Project("{9A19103F-16F7-4668-BE54-9A1E7A4F7556}") = "DentalClinicManagement.UI", "DentalClinicManagement.UI.csproj", "{8A9F7E6D-9F47-4B22-AB70-E0A22BDDA7E2}"
EndProject
Project("{2150E333-8FDC-42A3-9474-1A3956D46DE8}") = "Presentation", "Presentation", "{0AC51B28-0182-4A9A-912E-168C4DF3237E}"
EndProject
Project("{2150E333-8FDC-42A3-9474-1A3956D46DE8}") = "Data", "Data", "{BC122756-2989-4151-98A1-E94E6A2ED7E9}"
EndProject
Project("{FAE04EC0-301F-11D3-BF4B-00C04F79EFBC}") = "DentalClinicManagement.EF", "..\DentalClinicManagement.EF\DentalClinicManagement.EF.csproj", "{F14838A0-A072-43B4-BCE9-B796690E438D}"
EndProject
Project("{2150E333-8FDC-42A3-9474-1A3956D46DE8}") = "Application", "Application", "{F708FCEE-3218-4EC7-AF60-C2283AE99919}"
EndProject
Project("{FAE04EC0-301F-11D3-BF4B-00C04F79EFBC}") = "DentalClinicManagement.Core", "..\DentalClinicManagement.Core\DentalClinicManagement.Core.csproj", "{39313A12-5200-45CA-9639-AF84515D475C}"
EndProject
Global
	GlobalSection(SolutionConfigurationPlatforms) = preSolution
		Debug|Any CPU = Debug|Any CPU
		Release|Any CPU = Release|Any CPU
	EndGlobalSection
	GlobalSection(ProjectConfigurationPlatforms) = postSolution
		{8A9F7E6D-9F47-4B22-AB70-E0A22BDDA7E2}.Debug|Any CPU.ActiveCfg = Debug|Any CPU
		{8A9F7E6D-9F47-4B22-AB70-E0A22BDDA7E2}.Debug|Any CPU.Build.0 = Debug|Any CPU
		{8A9F7E6D-9F47-4B22-AB70-E0A22BDDA7E2}.Release|Any CPU.ActiveCfg = Release|Any CPU
		{8A9F7E6D-9F47-4B22-AB70-E0A22BDDA7E2}.Release|Any CPU.Build.0 = Release|Any CPU
		{F14838A0-A072-43B4-BCE9-B796690E438D}.Debug|Any CPU.ActiveCfg = Debug|Any CPU
		{F14838A0-A072-43B4-BCE9-B796690E438D}.Debug|Any CPU.Build.0 = Debug|Any CPU
		{F14838A0-A072-43B4-BCE9-B796690E438D}.Release|Any CPU.ActiveCfg = Release|Any CPU
		{F14838A0-A072-43B4-BCE9-B796690E438D}.Release|Any CPU.Build.0 = Release|Any CPU
		{39313A12-5200-45CA-9639-AF84515D475C}.Debug|Any CPU.ActiveCfg = Debug|Any CPU
		{39313A12-5200-45CA-9639-AF84515D475C}.Debug|Any CPU.Build.0 = Debug|Any CPU
		{39313A12-5200-45CA-9639-AF84515D475C}.Release|Any CPU.ActiveCfg = Release|Any CPU
		{39313A12-5200-45CA-9639-AF84515D475C}.Release|Any CPU.Build.0 = Release|Any CPU
	EndGlobalSection
	GlobalSection(SolutionProperties) = preSolution
		HideSolutionNode = FALSE
	EndGlobalSection
	GlobalSection(NestedProjects) = preSolution
		{8A9F7E6D-9F47-4B22-AB70-E0A22BDDA7E2} = {0AC51B28-0182-4A9A-912E-168C4DF3237E}
		{F14838A0-A072-43B4-BCE9-B796690E438D} = {BC122756-2989-4151-98A1-E94E6A2ED7E9}
		{39313A12-5200-45CA-9639-AF84515D475C} = {F708FCEE-3218-4EC7-AF60-C2283AE99919}
	EndGlobalSection
	GlobalSection(ExtensibilityGlobals) = postSolution
		SolutionGuid = {9FE8AB53-934E-4CE2-B856-190F358B1EED}
	EndGlobalSection
EndGlobal
